
Microsoft Visual Studio Solution File, Format Version 12.00
# Visual Studio Version 17
VisualStudioVersion = 17.10.34928.147
MinimumVisualStudioVersion = 10.0.40219.1
Project("{FAE04EC0-301F-11D3-BF4B-00C04F79EFBC}") = "TutionONF.Console", "TutionONF.Console\TutionONF.Console.csproj", "{A8C5EBA2-ACFE-40D5-81B7-C746B9AF593C}"
EndProject
Project("{FAE04EC0-301F-11D3-BF4B-00C04F79EFBC}") = "TutionONF.Domain", "TutionONF.Domain\TutionONF.Domain.csproj", "{BA04F0FA-AEAD-42A4-A293-1B559BD0AFC5}"
EndProject
Project("{FAE04EC0-301F-11D3-BF4B-00C04F79EFBC}") = "TutionONF.Frontend", "TutionONF.Frontend\TutionONF.Frontend.csproj", "{DF54B25E-CB2A-4F63-AE7A-20B6380F1854}"
EndProject
Project("{FAE04EC0-301F-11D3-BF4B-00C04F79EFBC}") = "TutionONF.Shared", "TutionONF.Shared\TutionONF.Shared.csproj", "{AC21936F-EC42-4EE2-8D32-B375F8B6BF40}"
EndProject
Project("{FAE04EC0-301F-11D3-BF4B-00C04F79EFBC}") = "TutionONF.API", "TutionONF.API\TutionONF.API.csproj", "{AC049187-DFC6-4679-91B5-BD2669731E82}"
EndProject
Global
	GlobalSection(SolutionConfigurationPlatforms) = preSolution
		Debug|Any CPU = Debug|Any CPU
		Release|Any CPU = Release|Any CPU
	EndGlobalSection
	GlobalSection(ProjectConfigurationPlatforms) = postSolution
		{A8C5EBA2-ACFE-40D5-81B7-C746B9AF593C}.Debug|Any CPU.ActiveCfg = Debug|Any CPU
		{A8C5EBA2-ACFE-40D5-81B7-C746B9AF593C}.Debug|Any CPU.Build.0 = Debug|Any CPU
		{A8C5EBA2-ACFE-40D5-81B7-C746B9AF593C}.Release|Any CPU.ActiveCfg = Release|Any CPU
		{A8C5EBA2-ACFE-40D5-81B7-C746B9AF593C}.Release|Any CPU.Build.0 = Release|Any CPU
		{BA04F0FA-AEAD-42A4-A293-1B559BD0AFC5}.Debug|Any CPU.ActiveCfg = Debug|Any CPU
		{BA04F0FA-AEAD-42A4-A293-1B559BD0AFC5}.Debug|Any CPU.Build.0 = Debug|Any CPU
		{BA04F0FA-AEAD-42A4-A293-1B559BD0AFC5}.Release|Any CPU.ActiveCfg = Release|Any CPU
		{BA04F0FA-AEAD-42A4-A293-1B559BD0AFC5}.Release|Any CPU.Build.0 = Release|Any CPU
		{DF54B25E-CB2A-4F63-AE7A-20B6380F1854}.Debug|Any CPU.ActiveCfg = Debug|Any CPU
		{DF54B25E-CB2A-4F63-AE7A-20B6380F1854}.Debug|Any CPU.Build.0 = Debug|Any CPU
		{DF54B25E-CB2A-4F63-AE7A-20B6380F1854}.Release|Any CPU.ActiveCfg = Release|Any CPU
		{DF54B25E-CB2A-4F63-AE7A-20B6380F1854}.Release|Any CPU.Build.0 = Release|Any CPU
		{AC21936F-EC42-4EE2-8D32-B375F8B6BF40}.Debug|Any CPU.ActiveCfg = Debug|Any CPU
		{AC21936F-EC42-4EE2-8D32-B375F8B6BF40}.Debug|Any CPU.Build.0 = Debug|Any CPU
		{AC21936F-EC42-4EE2-8D32-B375F8B6BF40}.Release|Any CPU.ActiveCfg = Release|Any CPU
		{AC21936F-EC42-4EE2-8D32-B375F8B6BF40}.Release|Any CPU.Build.0 = Release|Any CPU
		{AC049187-DFC6-4679-91B5-BD2669731E82}.Debug|Any CPU.ActiveCfg = Debug|Any CPU
		{AC049187-DFC6-4679-91B5-BD2669731E82}.Debug|Any CPU.Build.0 = Debug|Any CPU
		{AC049187-DFC6-4679-91B5-BD2669731E82}.Release|Any CPU.ActiveCfg = Release|Any CPU
		{AC049187-DFC6-4679-91B5-BD2669731E82}.Release|Any CPU.Build.0 = Release|Any CPU
	EndGlobalSection
	GlobalSection(SolutionProperties) = preSolution
		HideSolutionNode = FALSE
	EndGlobalSection
	GlobalSection(ExtensibilityGlobals) = postSolution
		SolutionGuid = {B380EE2F-2F6F-45E2-84BA-6BFCB4AC5BD3}
	EndGlobalSection
EndGlobal
